
Microsoft Visual Studio Solution File, Format Version 12.00
# Visual Studio 15
VisualStudioVersion = 15.0.28307.572
MinimumVisualStudioVersion = 10.0.40219.1
Project("{FAE04EC0-301F-11D3-BF4B-00C04F79EFBC}") = "FunApp.Web", "FunApp.Web\FunApp.Web.csproj", "{2DCA5544-4341-4E14-9421-5B38E080A11E}"
EndProject
Global
	GlobalSection(SolutionConfigurationPlatforms) = preSolution
		Debug|Any CPU = Debug|Any CPU
		Release|Any CPU = Release|Any CPU
	EndGlobalSection
	GlobalSection(ProjectConfigurationPlatforms) = postSolution
		{2DCA5544-4341-4E14-9421-5B38E080A11E}.Debug|Any CPU.ActiveCfg = Debug|Any CPU
		{2DCA5544-4341-4E14-9421-5B38E080A11E}.Debug|Any CPU.Build.0 = Debug|Any CPU
		{2DCA5544-4341-4E14-9421-5B38E080A11E}.Release|Any CPU.ActiveCfg = Release|Any CPU
		{2DCA5544-4341-4E14-9421-5B38E080A11E}.Release|Any CPU.Build.0 = Release|Any CPU
	EndGlobalSection
	GlobalSection(SolutionProperties) = preSolution
		HideSolutionNode = FALSE
	EndGlobalSection
	GlobalSection(ExtensibilityGlobals) = postSolution
		SolutionGuid = {86571A8A-18E0-4BAC-A8C7-D834D52054D9}
	EndGlobalSection
EndGlobal
